
Microsoft Visual Studio Solution File, Format Version 12.00
# Visual Studio 2012
Project("{FAE04EC0-301F-11D3-BF4B-00C04F79EFBC}") = "template", "template.csproj", "{A76F0975-5BB3-4D30-8241-0B3449B3B7FE}"
EndProject
Global
	GlobalSection(SolutionConfigurationPlatforms) = preSolution
		Debug|Any CPU = Debug|Any CPU
		Release|Any CPU = Release|Any CPU
	EndGlobalSection
	GlobalSection(ProjectConfigurationPlatforms) = postSolution
		{A76F0975-5BB3-4D30-8241-0B3449B3B7FE}.Debug|Any CPU.ActiveCfg = Debug|Any CPU
		{A76F0975-5BB3-4D30-8241-0B3449B3B7FE}.Debug|Any CPU.Build.0 = Debug|Any CPU
		{A76F0975-5BB3-4D30-8241-0B3449B3B7FE}.Release|Any CPU.ActiveCfg = Release|Any CPU
		{A76F0975-5BB3-4D30-8241-0B3449B3B7FE}.Release|Any CPU.Build.0 = Release|Any CPU
	EndGlobalSection
	GlobalSection(SolutionProperties) = preSolution
		HideSolutionNode = FALSE
	EndGlobalSection
EndGlobal
